<?xml version="1.0" encoding="utf-8"?>
<Project ToolsVersion="4.0" xmlns="http://schemas.microsoft.com/developer/msbuild/2003">
  <ItemGroup>
    <Filter Include="Source Files">
      <UniqueIdentifier>{4FC737F1-C7A5-4376-A066-2A32D752A2FF}</UniqueIdentifier>
      <Extensions>cpp;c;cc;cxx;def;odl;idl;hpj;bat;asm;asmx</Extensions>
    </Filter>
    <Filter Include="Header Files">
      <UniqueIdentifier>{93995380-89BD-4b04-88EB-625FBE52EBFB}</UniqueIdentifier>
      <Extensions>h;hh;hpp;hxx;hm;inl;inc;xsd</Extensions>
    </Filter>
    <Filter Include="Resource Files">
      <UniqueIdentifier>{67DA6AB6-F800-4c08-8B7A-83BB121AAD01}</UniqueIdentifier>
      <Extensions>rc;ico;cur;bmp;dlg;rc2;rct;bin;rgs;gif;jpg;jpeg;jpe;resx;tiff;tif;png;wav;mfcribbon-ms</Extensions>
    </Filter>
    <Filter Include="Header Files\math">
      <UniqueIdentifier>{7010dea9-8d30-4053-ab53-1505bbdc90c5}</UniqueIdentifier>
    </Filter>
    <Filter Include="Source Files\math">
      <UniqueIdentifier>{386960e3-6f5e-404f-82d8-e0ed1eed384a}</UniqueIdentifier>
    </Filter>
    <Filter Include="Header Files\bxdf">
      <UniqueIdentifier>{113aaa91-39be-41c3-8aad-7f5d07908001}</UniqueIdentifier>
    </Filter>
    <Filter Include="Source Files\bxdf">
      <UniqueIdentifier>{6188e81e-3100-4a14-90b9-b1aea5c9c067}</UniqueIdentifier>
    </Filter>
    <Filter Include="Source Files\model">
      <UniqueIdentifier>{19ea2dc4-aa7b-4e20-a196-dd3e67403c8f}</UniqueIdentifier>
    </Filter>
    <Filter Include="Header Files\model">
      <UniqueIdentifier>{ed1806a0-73cb-4f0b-84ad-0e4ebfe0f2a1}</UniqueIdentifier>
    </Filter>
    <Filter Include="Resource Files\scene01">
      <UniqueIdentifier>{70866e75-94a8-4342-88fc-78199ebb0511}</UniqueIdentifier>
    </Filter>
    <Filter Include="Resource Files\scene02">
      <UniqueIdentifier>{3f5b4f10-f4e5-46a7-8e62-e2ed27c5f156}</UniqueIdentifier>
    </Filter>
    <Filter Include="Resource Files\scene03">
      <UniqueIdentifier>{7a39015b-d1f8-4c48-9501-91db954bcb2c}</UniqueIdentifier>
    </Filter>
  </ItemGroup>
  <ItemGroup>
    <ClCompile Include="vertex.cpp">
      <Filter>Source Files\math</Filter>
    </ClCompile>
    <ClCompile Include="cinemacmd.cpp">
      <Filter>Source Files</Filter>
    </ClCompile>
    <ClCompile Include="Ray.cpp">
      <Filter>Source Files</Filter>
    </ClCompile>
    <ClCompile Include="Vector.cpp">
      <Filter>Source Files\math</Filter>
    </ClCompile>
    <ClCompile Include="Camera.cpp">
      <Filter>Source Files</Filter>
    </ClCompile>
    <ClCompile Include="Image.cpp">
      <Filter>Source Files</Filter>
    </ClCompile>
    <ClCompile Include="Color.cpp">
      <Filter>Source Files</Filter>
    </ClCompile>
    <ClCompile Include="Scene.cpp">
      <Filter>Source Files</Filter>
    </ClCompile>
    <ClCompile Include="Intersection.cpp">
      <Filter>Source Files</Filter>
    </ClCompile>
    <ClCompile Include="Point.cpp">
      <Filter>Source Files\math</Filter>
    </ClCompile>
    <ClCompile Include="Material.cpp">
      <Filter>Source Files</Filter>
    </ClCompile>
    <ClCompile Include="BSDF.cpp">
      <Filter>Source Files\bxdf</Filter>
    </ClCompile>
    <ClCompile Include="Sampler.cpp">
      <Filter>Source Files</Filter>
    </ClCompile>
    <ClCompile Include="DiffuseReflection.cpp">
      <Filter>Source Files\bxdf</Filter>
    </ClCompile>
    <ClCompile Include="Model.cpp">
      <Filter>Source Files\model</Filter>
    </ClCompile>
    <ClCompile Include="Triangle.cpp">
      <Filter>Source Files\model</Filter>
    </ClCompile>
    <ClCompile Include="TriangleMesh.cpp">
      <Filter>Source Files\model</Filter>
    </ClCompile>
    <ClCompile Include="Sphere.cpp">
      <Filter>Source Files\model</Filter>
    </ClCompile>
    <ClCompile Include="Geometry.cpp">
      <Filter>Source Files\model</Filter>
    </ClCompile>
    <ClCompile Include="Transform.cpp">
      <Filter>Source Files\math</Filter>
    </ClCompile>
    <ClCompile Include="Parser.cpp">
      <Filter>Source Files</Filter>
    </ClCompile>
    <ClCompile Include="Renderer.cpp">
      <Filter>Source Files</Filter>
    </ClCompile>
    <ClCompile Include="MeshParser.cpp">
      <Filter>Source Files</Filter>
    </ClCompile>
    <ClCompile Include="SpecularTransmission.cpp">
      <Filter>Source Files\bxdf</Filter>
    </ClCompile>
    <ClCompile Include="SpecularReflection.cpp">
      <Filter>Source Files\bxdf</Filter>
    </ClCompile>
    <ClCompile Include="BlinnGlossy.cpp">
      <Filter>Source Files\bxdf</Filter>
    </ClCompile>
    <ClCompile Include="BBox.cpp">
      <Filter>Source Files\model</Filter>
    </ClCompile>
  </ItemGroup>
  <ItemGroup>
    <ClInclude Include="vertex.h">
      <Filter>Header Files\math</Filter>
    </ClInclude>
    <ClInclude Include="Ray.h">
      <Filter>Header Files</Filter>
    </ClInclude>
    <ClInclude Include="Camera.h">
      <Filter>Header Files</Filter>
    </ClInclude>
    <ClInclude Include="Vector.h">
      <Filter>Header Files\math</Filter>
    </ClInclude>
    <ClInclude Include="Image.h">
      <Filter>Header Files</Filter>
    </ClInclude>
    <ClInclude Include="Color.h">
      <Filter>Header Files</Filter>
    </ClInclude>
    <ClInclude Include="Scene.h">
      <Filter>Header Files</Filter>
    </ClInclude>
    <ClInclude Include="Intersection.h">
      <Filter>Header Files</Filter>
    </ClInclude>
    <ClInclude Include="Point.h">
      <Filter>Header Files\math</Filter>
    </ClInclude>
    <ClInclude Include="Material.h">
      <Filter>Header Files</Filter>
    </ClInclude>
    <ClInclude Include="SpecularReflection.h">
      <Filter>Header Files\bxdf</Filter>
    </ClInclude>
    <ClInclude Include="BSDF.h">
      <Filter>Header Files\bxdf</Filter>
    </ClInclude>
    <ClInclude Include="DiffuseReflection.h">
      <Filter>Header Files\bxdf</Filter>
    </ClInclude>
    <ClInclude Include="Sampler.h">
      <Filter>Header Files</Filter>
    </ClInclude>
    <ClInclude Include="Geometry.h">
      <Filter>Header Files\model</Filter>
    </ClInclude>
    <ClInclude Include="Model.h">
      <Filter>Header Files\model</Filter>
    </ClInclude>
    <ClInclude Include="Sphere.h">
      <Filter>Header Files\model</Filter>
    </ClInclude>
    <ClInclude Include="Triangle.h">
      <Filter>Header Files\model</Filter>
    </ClInclude>
    <ClInclude Include="TriangleMesh.h">
      <Filter>Header Files\model</Filter>
    </ClInclude>
    <ClInclude Include="ShadingGeometry.h">
      <Filter>Header Files\model</Filter>
    </ClInclude>
    <ClInclude Include="Transform.h">
      <Filter>Header Files\math</Filter>
    </ClInclude>
    <ClInclude Include="Parser.h">
      <Filter>Header Files</Filter>
    </ClInclude>
    <ClInclude Include="Renderer.h">
      <Filter>Header Files</Filter>
    </ClInclude>
    <ClInclude Include="MeshParser.h">
      <Filter>Header Files</Filter>
    </ClInclude>
    <ClInclude Include="SpecularTransmission.h">
      <Filter>Header Files\bxdf</Filter>
    </ClInclude>
    <ClInclude Include="BlinnGlossy.h">
      <Filter>Header Files\bxdf</Filter>
    </ClInclude>
    <ClInclude Include="Fresnel.h">
      <Filter>Header Files\bxdf</Filter>
    </ClInclude>
    <ClInclude Include="BBox.h">
      <Filter>Header Files\model</Filter>
    </ClInclude>
  </ItemGroup>
  <ItemGroup>
    <Xml Include="test.xml">
      <Filter>Resource Files</Filter>
    </Xml>
    <Xml Include="scene01.xml">
      <Filter>Resource Files\scene01</Filter>
    </Xml>
    <Xml Include="scene02.xml">
      <Filter>Resource Files\scene02</Filter>
    </Xml>
    <Xml Include="scene03.xml">
      <Filter>Resource Files\scene03</Filter>
    </Xml>
  </ItemGroup>
  <ItemGroup>
    <Text Include="arealight.txt">
      <Filter>Resource Files\scene01</Filter>
    </Text>
    <Text Include="backwall.txt">
      <Filter>Resource Files\scene01</Filter>
    </Text>
    <Text Include="ceiling.txt">
      <Filter>Resource Files\scene01</Filter>
    </Text>
    <Text Include="floor.txt">
      <Filter>Resource Files\scene01</Filter>
    </Text>
    <Text Include="leftwall.txt">
      <Filter>Resource Files\scene01</Filter>
    </Text>
    <Text Include="light.txt">
      <Filter>Resource Files\scene01</Filter>
    </Text>
    <Text Include="lightedge.txt">
      <Filter>Resource Files\scene01</Filter>
    </Text>
    <Text Include="rightwall.txt">
      <Filter>Resource Files\scene01</Filter>
    </Text>
    <Text Include="block0.txt">
      <Filter>Resource Files\scene02</Filter>
    </Text>
    <Text Include="block1.txt">
      <Filter>Resource Files\scene02</Filter>
    </Text>
    <Text Include="block2.txt">
      <Filter>Resource Files\scene02</Filter>
    </Text>
    <Text Include="block3.txt">
      <Filter>Resource Files\scene02</Filter>
    </Text>
    <Text Include="wall.txt">
      <Filter>Resource Files\scene02</Filter>
    </Text>
    <Text Include="glass.txt">
      <Filter>Resource Files\scene03</Filter>
    </Text>
  </ItemGroup>
</Project>